
Microsoft Visual Studio Solution File, Format Version 12.00
# Visual Studio 15
Project("{FAE04EC0-301F-11D3-BF4B-00C04F79EFBC}") = "AutoService.Android", "AutoService.Android\AutoService.Android.csproj", "{C5214D74-6F37-4849-AE85-68012575AD2B}"
EndProject
Project("{FAE04EC0-301F-11D3-BF4B-00C04F79EFBC}") = "AutoService.iOS", "AutoService.iOS\AutoService.iOS.csproj", "{5767212B-5798-4441-9796-8D70E1A2D594}"
EndProject
Project("{FAE04EC0-301F-11D3-BF4B-00C04F79EFBC}") = "AutoService", "AutoService\AutoService.csproj", "{5185687E-CB0F-4C71-876D-0EDA50C1C472}"
EndProject
Global
	GlobalSection(SolutionConfigurationPlatforms) = preSolution
		Debug|Any CPU = Debug|Any CPU
		Release|Any CPU = Release|Any CPU
		Debug|iPhoneSimulator = Debug|iPhoneSimulator
		Release|iPhoneSimulator = Release|iPhoneSimulator
		Debug|iPhone = Debug|iPhone
		Release|iPhone = Release|iPhone
		Ad-Hoc|iPhone = Ad-Hoc|iPhone
		AppStore|iPhone = AppStore|iPhone
	EndGlobalSection
	GlobalSection(ProjectConfigurationPlatforms) = postSolution
		{C5214D74-6F37-4849-AE85-68012575AD2B}.Debug|Any CPU.ActiveCfg = Debug|Any CPU
		{C5214D74-6F37-4849-AE85-68012575AD2B}.Debug|Any CPU.Build.0 = Debug|Any CPU
		{C5214D74-6F37-4849-AE85-68012575AD2B}.Release|Any CPU.ActiveCfg = Release|Any CPU
		{C5214D74-6F37-4849-AE85-68012575AD2B}.Release|Any CPU.Build.0 = Release|Any CPU
		{C5214D74-6F37-4849-AE85-68012575AD2B}.Debug|iPhoneSimulator.ActiveCfg = Debug|Any CPU
		{C5214D74-6F37-4849-AE85-68012575AD2B}.Debug|iPhoneSimulator.Build.0 = Debug|Any CPU
		{C5214D74-6F37-4849-AE85-68012575AD2B}.Release|iPhoneSimulator.ActiveCfg = Release|Any CPU
		{C5214D74-6F37-4849-AE85-68012575AD2B}.Release|iPhoneSimulator.Build.0 = Release|Any CPU
		{C5214D74-6F37-4849-AE85-68012575AD2B}.Debug|iPhone.ActiveCfg = Debug|Any CPU
		{C5214D74-6F37-4849-AE85-68012575AD2B}.Debug|iPhone.Build.0 = Debug|Any CPU
		{C5214D74-6F37-4849-AE85-68012575AD2B}.Release|iPhone.ActiveCfg = Release|Any CPU
		{C5214D74-6F37-4849-AE85-68012575AD2B}.Release|iPhone.Build.0 = Release|Any CPU
		{C5214D74-6F37-4849-AE85-68012575AD2B}.Ad-Hoc|iPhone.ActiveCfg = Debug|Any CPU
		{C5214D74-6F37-4849-AE85-68012575AD2B}.Ad-Hoc|iPhone.Build.0 = Debug|Any CPU
		{C5214D74-6F37-4849-AE85-68012575AD2B}.AppStore|iPhone.ActiveCfg = Debug|Any CPU
		{C5214D74-6F37-4849-AE85-68012575AD2B}.AppStore|iPhone.Build.0 = Debug|Any CPU
		{5767212B-5798-4441-9796-8D70E1A2D594}.Debug|Any CPU.ActiveCfg = Debug|iPhoneSimulator
		{5767212B-5798-4441-9796-8D70E1A2D594}.Debug|Any CPU.Build.0 = Debug|iPhoneSimulator
		{5767212B-5798-4441-9796-8D70E1A2D594}.Release|Any CPU.ActiveCfg = Release|iPhoneSimulator
		{5767212B-5798-4441-9796-8D70E1A2D594}.Release|Any CPU.Build.0 = Release|iPhoneSimulator
		{5767212B-5798-4441-9796-8D70E1A2D594}.Debug|iPhoneSimulator.ActiveCfg = Debug|iPhoneSimulator
		{5767212B-5798-4441-9796-8D70E1A2D594}.Debug|iPhoneSimulator.Build.0 = Debug|iPhoneSimulator
		{5767212B-5798-4441-9796-8D70E1A2D594}.Release|iPhoneSimulator.ActiveCfg = Release|iPhoneSimulator
		{5767212B-5798-4441-9796-8D70E1A2D594}.Release|iPhoneSimulator.Build.0 = Release|iPhoneSimulator
		{5767212B-5798-4441-9796-8D70E1A2D594}.Debug|iPhone.ActiveCfg = Debug|iPhone
		{5767212B-5798-4441-9796-8D70E1A2D594}.Debug|iPhone.Build.0 = Debug|iPhone
		{5767212B-5798-4441-9796-8D70E1A2D594}.Release|iPhone.ActiveCfg = Release|iPhone
		{5767212B-5798-4441-9796-8D70E1A2D594}.Release|iPhone.Build.0 = Release|iPhone
		{5767212B-5798-4441-9796-8D70E1A2D594}.Ad-Hoc|iPhone.ActiveCfg = Ad-Hoc|iPhone
		{5767212B-5798-4441-9796-8D70E1A2D594}.Ad-Hoc|iPhone.Build.0 = Ad-Hoc|iPhone
		{5767212B-5798-4441-9796-8D70E1A2D594}.AppStore|iPhone.ActiveCfg = AppStore|iPhone
		{5767212B-5798-4441-9796-8D70E1A2D594}.AppStore|iPhone.Build.0 = AppStore|iPhone
		{5185687E-CB0F-4C71-876D-0EDA50C1C472}.Debug|Any CPU.ActiveCfg = Debug|Any CPU
		{5185687E-CB0F-4C71-876D-0EDA50C1C472}.Debug|Any CPU.Build.0 = Debug|Any CPU
		{5185687E-CB0F-4C71-876D-0EDA50C1C472}.Release|Any CPU.ActiveCfg = Release|Any CPU
		{5185687E-CB0F-4C71-876D-0EDA50C1C472}.Release|Any CPU.Build.0 = Release|Any CPU
		{5185687E-CB0F-4C71-876D-0EDA50C1C472}.Debug|iPhoneSimulator.ActiveCfg = Debug|Any CPU
		{5185687E-CB0F-4C71-876D-0EDA50C1C472}.Debug|iPhoneSimulator.Build.0 = Debug|Any CPU
		{5185687E-CB0F-4C71-876D-0EDA50C1C472}.Release|iPhoneSimulator.ActiveCfg = Release|Any CPU
		{5185687E-CB0F-4C71-876D-0EDA50C1C472}.Release|iPhoneSimulator.Build.0 = Release|Any CPU
		{5185687E-CB0F-4C71-876D-0EDA50C1C472}.Debug|iPhone.ActiveCfg = Debug|Any CPU
		{5185687E-CB0F-4C71-876D-0EDA50C1C472}.Debug|iPhone.Build.0 = Debug|Any CPU
		{5185687E-CB0F-4C71-876D-0EDA50C1C472}.Release|iPhone.ActiveCfg = Release|Any CPU
		{5185687E-CB0F-4C71-876D-0EDA50C1C472}.Release|iPhone.Build.0 = Release|Any CPU
		{5185687E-CB0F-4C71-876D-0EDA50C1C472}.Ad-Hoc|iPhone.ActiveCfg = Debug|Any CPU
		{5185687E-CB0F-4C71-876D-0EDA50C1C472}.Ad-Hoc|iPhone.Build.0 = Debug|Any CPU
		{5185687E-CB0F-4C71-876D-0EDA50C1C472}.AppStore|iPhone.ActiveCfg = Debug|Any CPU
		{5185687E-CB0F-4C71-876D-0EDA50C1C472}.AppStore|iPhone.Build.0 = Debug|Any CPU
	EndGlobalSection
EndGlobal
